Microsoft Visual Studio Solution File, Format Version 12.00
# Visual Studio Version 17
VisualStudioVersion = 17.5.2.0
MinimumVisualStudioVersion = 10.0.40219.1
Project("{FAE04EC0-301F-11D3-BF4B-00C04F79EFBC}") = "SimpleFlashCardApi", "SimpleFlashCardApi.csproj", "{7C260FB1-EDE8-AD0B-EF30-3901C2364AC5}"
EndProject
Global
	GlobalSection(SolutionConfigurationPlatforms) = preSolution
		Debug|Any CPU = Debug|Any CPU
		Release|Any CPU = Release|Any CPU
	EndGlobalSection
	GlobalSection(ProjectConfigurationPlatforms) = postSolution
		{7C260FB1-EDE8-AD0B-EF30-3901C2364AC5}.Debug|Any CPU.ActiveCfg = Debug|Any CPU
		{7C260FB1-EDE8-AD0B-EF30-3901C2364AC5}.Debug|Any CPU.Build.0 = Debug|Any CPU
		{7C260FB1-EDE8-AD0B-EF30-3901C2364AC5}.Release|Any CPU.ActiveCfg = Release|Any CPU
		{7C260FB1-EDE8-AD0B-EF30-3901C2364AC5}.Release|Any CPU.Build.0 = Release|Any CPU
	EndGlobalSection
	GlobalSection(SolutionProperties) = preSolution
		HideSolutionNode = FALSE
	EndGlobalSection
	GlobalSection(ExtensibilityGlobals) = postSolution
		SolutionGuid = {1D74BA5F-3FC3-49CF-98B2-781D3A0F2E2E}
	EndGlobalSection
EndGlobal
